{
  "name": "earshot",
  "version": "0.1.0",
  "lockfileVersion": 3,
  "requires": true,
  "packages": {
    "": {
      "name": "earshot",
      "version": "0.1.0",
      "license": "MIT",
      "workspaces": [
        "src/core",
        "src/engine-node",
        "src/engine-wasm",
        "src/sdk",
        "src/server"
      ],
      "devDependencies": {
        "@types/node": "^22.10.2",
        "@types/ws": "^8.18.2",
        "typescript": "^5.7.2"
      },
      "engines": {
        "node": ">=23.6"
      }
    },
    "node_modules/@earshot/core": {
      "resolved": "src/core",
      "link": true
    },
    "node_modules/@earshot/engine-node": {
      "resolved": "src/engine-node",
      "link": true
    },
    "node_modules/@earshot/engine-wasm": {
      "resolved": "src/engine-wasm",
      "link": true
    },
    "node_modules/@earshot/sdk": {
      "resolved": "src/sdk",
      "link": true
    },
    "node_modules/@earshot/server": {
      "resolved": "src/server",
      "link": true
    },
    "node_modules/@types/node": {
      "version": "22.20.5",
      "resolved": "https://registry.npmjs.org/@types/node/-/node-22.20.5.tgz",
      "integrity": "sha512-U2+DNr+wSjpsTS/wZGYHq7GcwfuSmKiKvoPvK22zwTlRhU91yOniN4qRR5KhIjvif7ysw/dz/hKmfDH0Ris4aA==",
      "dev": true,
      "license": "MIT",
      "dependencies": {
        "undici-types": "~6.21.0"
      }
    },
    "node_modules/@types/ws": {
      "version": "8.18.2",
      "resolved": "https://registry.npmjs.org/@types/ws/-/ws-8.18.2.tgz",
      "integrity": "sha512-67MQl+fpWKVTT1NYdnmo3U4sc/xPo/zQBncVnI74qmQa0z/b+1g6iYqNmGCPbxO+zz2aklb08a0oHfegiVd0/w==",
      "dev": true,
      "license": "MIT",
      "dependencies": {
        "@types/node": "*"
      }
    },
    "node_modules/sherpa-onnx-darwin-arm64": {
      "version": "1.13.8",
      "resolved": "https://registry.npmjs.org/sherpa-onnx-darwin-arm64/-/sherpa-onnx-darwin-arm64-1.13.8.tgz",
      "integrity": "sha512-FPNgJMgnWVl/KhRTIhG3KL3A4Om63Rn4YKXc9/uHY7SzLcvqLJLc/h7UBWJwduXvv7K18t5NpxHR6XgXn4sjWw==",
      "cpu": [
        "arm64"
      ],
      "license": "Apache-2.0",
      "optional": true,
      "os": [
        "darwin"
      ]
    },
    "node_modules/sherpa-onnx-darwin-x64": {
      "version": "1.13.8",
      "resolved": "https://registry.npmjs.org/sherpa-onnx-darwin-x64/-/sherpa-onnx-darwin-x64-1.13.8.tgz",
      "integrity": "sha512-7BLRpjM6w4f9W46/nmkmq8lEKUayhebvcpslCVQ+6QN2uReYlZEMDZlSpXMjme+hUFrPfRz8P3UNq8ep/4d19g==",
      "cpu": [
        "x64"
      ],
      "license": "Apache-2.0",
      "optional": true,
      "os": [
        "darwin"
      ]
    },
    "node_modules/sherpa-onnx-linux-arm64": {
      "version": "1.13.8",
      "resolved": "https://registry.npmjs.org/sherpa-onnx-linux-arm64/-/sherpa-onnx-linux-arm64-1.13.8.tgz",
      "integrity": "sha512-Tlg7a70b/Wge3OF8IgTHF9jhSVCsLyKQKhwc4BsJ5A+dL/SrFtGBjzuHp4XeLhiiOT7afCxX5PdSn/D4c8Lnuw==",
      "cpu": [
        "arm64"
      ],
      "license": "Apache-2.0",
      "optional": true,
      "os": [
        "linux"
      ]
    },
    "node_modules/sherpa-onnx-linux-x64": {
      "version": "1.13.8",
      "resolved": "https://registry.npmjs.org/sherpa-onnx-linux-x64/-/sherpa-onnx-linux-x64-1.13.8.tgz",
      "integrity": "sha512-6plnhjagsSeTntCgnlag86hWbs/uZE9Crms1LgOb68/1nKsIQjMd+WG519m+aPwT6TrsBOiEMzrx41t8sL5L5g==",
      "cpu": [
        "x64"
      ],
      "license": "Apache-2.0",
      "optional": true,
      "os": [
        "linux"
      ]
    },
    "node_modules/sherpa-onnx-node": {
      "version": "1.13.8",
      "resolved": "https://registry.npmjs.org/sherpa-onnx-node/-/sherpa-onnx-node-1.13.8.tgz",
      "integrity": "sha512-MsDMBdhLFTZ1GwvcGSSQhnS7g/EA8OMH6IYysCVUOM7j8Icty9KRc0E6YT1A5fWBsZwRfKOeh88QC95aRvS8ag==",
      "license": "Apache-2.0",
      "optionalDependencies": {
        "sherpa-onnx-darwin-arm64": "^1.13.8",
        "sherpa-onnx-darwin-x64": "^1.13.8",
        "sherpa-onnx-linux-arm64": "^1.13.8",
        "sherpa-onnx-linux-x64": "^1.13.8",
        "sherpa-onnx-win-ia32": "^1.13.8",
        "sherpa-onnx-win-x64": "^1.13.8"
      }
    },
    "node_modules/sherpa-onnx-win-ia32": {
      "version": "1.13.8",
      "resolved": "https://registry.npmjs.org/sherpa-onnx-win-ia32/-/sherpa-onnx-win-ia32-1.13.8.tgz",
      "integrity": "sha512-H0Ojln9hfvM+pxWqW0cnjB/XK8/JPq4/k0IWu2JpY5Z458M3zv+XC3Hu+wmot3AoH/K1Bgt23n/tTKtPV9x8qg==",
      "cpu": [
        "ia32"
      ],
      "license": "Apache-2.0",
      "optional": true,
      "os": [
        "win32"
      ]
    },
    "node_modules/sherpa-onnx-win-x64": {
      "version": "1.13.8",
      "resolved": "https://registry.npmjs.org/sherpa-onnx-win-x64/-/sherpa-onnx-win-x64-1.13.8.tgz",
      "integrity": "sha512-oZF1c9VPOKtMwn83Bboc5XSWL+76BRoyB3eUuVnCknBKxwSULZU2Foia9VHWzU+n4I12rPsP6z6H9Rp1hD9o8g==",
      "cpu": [
        "x64"
      ],
      "license": "Apache-2.0",
      "optional": true,
      "os": [
        "win32"
      ]
    },
    "node_modules/typescript": {
      "version": "5.9.3",
      "resolved": "https://registry.npmjs.org/typescript/-/typescript-5.9.3.tgz",
      "integrity": "sha512-jl1vZzPDinLr9eUt3J/t7V6FgNEw9QjvBPdysz9KfQDD41fQrC2Y4vKQdiaUpFT4bXlb1RHhLpp8wtm6M5TgSw==",
      "dev": true,
      "license": "Apache-2.0",
      "bin": {
        "tsc": "bin/tsc",
        "tsserver": "bin/tsserver"
      },
      "engines": {
        "node": ">=14.17"
      }
    },
    "node_modules/undici-types": {
      "version": "6.21.0",
      "resolved": "https://registry.npmjs.org/undici-types/-/undici-types-6.21.0.tgz",
      "integrity": "sha512-iwDZqg0QAGrg9Rav5H4n0M64c3mkR59cJ6wQp+7C4nI0gsmExaedaYLNO44eT4AtBBwjbTiGPMlt2Md0T9H9JQ==",
      "dev": true,
      "license": "MIT"
    },
    "node_modules/ws": {
      "version": "8.22.0",
      "resolved": "https://registry.npmjs.org/ws/-/ws-8.22.0.tgz",
      "integrity": "sha512-Ydggc987+RO0AnWtZ/7Wq9FtNvcrL1b/RO0ud9mWjUPgDrsAAwQSF51sm2hm1XofbU/4jkpGEsLFsZZxU+1DOg==",
      "license": "MIT",
      "engines": {
        "node": ">=10.0.0"
      },
      "peerDependencies": {
        "bufferutil": "^4.0.1",
        "utf-8-validate": ">=5.0.2"
      },
      "peerDependenciesMeta": {
        "bufferutil": {
          "optional": true
        },
        "utf-8-validate": {
          "optional": true
        }
      }
    },
    "src/core": {
      "name": "@earshot/core",
      "version": "0.1.0",
      "license": "MIT",
      "engines": {
        "node": ">=18"
      }
    },
    "src/engine-node": {
      "name": "@earshot/engine-node",
      "version": "0.1.0",
      "license": "MIT",
      "dependencies": {
        "sherpa-onnx-node": "^1.13.8"
      },
      "engines": {
        "node": ">=18"
      }
    },
    "src/engine-wasm": {
      "name": "@earshot/engine-wasm",
      "version": "0.1.0",
      "license": "MIT",
      "engines": {
        "node": ">=18"
      }
    },
    "src/sdk": {
      "name": "@earshot/sdk",
      "version": "0.1.0",
      "license": "MIT",
      "dependencies": {
        "@earshot/core": "*",
        "sherpa-onnx-node": "^1.13.8"
      },
      "engines": {
        "node": ">=18"
      }
    },
    "src/server": {
      "name": "@earshot/server",
      "version": "0.1.0",
      "license": "MIT",
      "dependencies": {
        "@earshot/core": "*",
        "sherpa-onnx-node": "^1.13.8",
        "ws": "^8.18.0"
      },
      "bin": {
        "asr-server": "dist/cli.js"
      },
      "engines": {
        "node": ">=18"
      }
    }
  }
}
